
Microsoft Visual Studio Solution File, Format Version 12.00
# Visual Studio Version 17
VisualStudioVersion = 17.7.34202.233
MinimumVisualStudioVersion = 10.0.40219.1
Project("{8BC9CEB8-8B4A-11D0-8D11-00A0C91BC942}") = "dom_hesh", "dom_hesh.vcxproj", "{73470D4A-D21A-408C-AB18-AD56B772BB91}"
EndProject
Global
	GlobalSection(SolutionConfigurationPlatforms) = preSolution
		Debug|x64 = Debug|x64
		Debug|x86 = Debug|x86
		Release|x64 = Release|x64
		Release|x86 = Release|x86
	EndGlobalSection
	GlobalSection(ProjectConfigurationPlatforms) = postSolution
		{73470D4A-D21A-408C-AB18-AD56B772BB91}.Debug|x64.ActiveCfg = Debug|x64
		{73470D4A-D21A-408C-AB18-AD56B772BB91}.Debug|x64.Build.0 = Debug|x64
		{73470D4A-D21A-408C-AB18-AD56B772BB91}.Debug|x86.ActiveCfg = Debug|Win32
		{73470D4A-D21A-408C-AB18-AD56B772BB91}.Debug|x86.Build.0 = Debug|Win32
		{73470D4A-D21A-408C-AB18-AD56B772BB91}.Release|x64.ActiveCfg = Release|x64
		{73470D4A-D21A-408C-AB18-AD56B772BB91}.Release|x64.Build.0 = Release|x64
		{73470D4A-D21A-408C-AB18-AD56B772BB91}.Release|x86.ActiveCfg = Release|Win32
		{73470D4A-D21A-408C-AB18-AD56B772BB91}.Release|x86.Build.0 = Release|Win32
	EndGlobalSection
	GlobalSection(SolutionProperties) = preSolution
		HideSolutionNode = FALSE
	EndGlobalSection
	GlobalSection(ExtensibilityGlobals) = postSolution
		SolutionGuid = {FAC5578B-0C05-4992-A5F2-35932D1FB8E2}
	EndGlobalSection
EndGlobal
