
Microsoft Visual Studio Solution File, Format Version 12.00
# Visual Studio Version 17
VisualStudioVersion = 17.7.34202.233
MinimumVisualStudioVersion = 10.0.40219.1
Project("{8BC9CEB8-8B4A-11D0-8D11-00A0C91BC942}") = "optimized_water_supply", "optimized_water_supply.vcxproj", "{0D56792B-A08A-43D0-BEB1-7FD8CEC1F112}"
EndProject
Global
	GlobalSection(SolutionConfigurationPlatforms) = preSolution
		Debug|x64 = Debug|x64
		Debug|x86 = Debug|x86
		Release|x64 = Release|x64
		Release|x86 = Release|x86
	EndGlobalSection
	GlobalSection(ProjectConfigurationPlatforms) = postSolution
		{0D56792B-A08A-43D0-BEB1-7FD8CEC1F112}.Debug|x64.ActiveCfg = Debug|x64
		{0D56792B-A08A-43D0-BEB1-7FD8CEC1F112}.Debug|x64.Build.0 = Debug|x64
		{0D56792B-A08A-43D0-BEB1-7FD8CEC1F112}.Debug|x86.ActiveCfg = Debug|Win32
		{0D56792B-A08A-43D0-BEB1-7FD8CEC1F112}.Debug|x86.Build.0 = Debug|Win32
		{0D56792B-A08A-43D0-BEB1-7FD8CEC1F112}.Release|x64.ActiveCfg = Release|x64
		{0D56792B-A08A-43D0-BEB1-7FD8CEC1F112}.Release|x64.Build.0 = Release|x64
		{0D56792B-A08A-43D0-BEB1-7FD8CEC1F112}.Release|x86.ActiveCfg = Release|Win32
		{0D56792B-A08A-43D0-BEB1-7FD8CEC1F112}.Release|x86.Build.0 = Release|Win32
	EndGlobalSection
	GlobalSection(SolutionProperties) = preSolution
		HideSolutionNode = FALSE
	EndGlobalSection
	GlobalSection(ExtensibilityGlobals) = postSolution
		SolutionGuid = {3E41E05A-9C4B-4D65-9C6C-13A671981CCC}
	EndGlobalSection
EndGlobal
